
Microsoft Visual Studio Solution File, Format Version 12.00
# Visual Studio Version 17
VisualStudioVersion = 17.7.34221.43
MinimumVisualStudioVersion = 10.0.40219.1
Project("{9A19103F-16F7-4668-BE54-9A1E7A4F7556}") = "Nuvem.PharmacyManagement.PharmacyApi", "src\Nuvem.PharmacyManagement.PharmacyApi\Nuvem.PharmacyManagement.PharmacyApi.csproj", "{706F83E0-50BB-48A2-8207-6164C5B3AD0B}"
EndProject
Project("{9A19103F-16F7-4668-BE54-9A1E7A4F7556}") = "Nuvem.PharmacyManagement.PharmacyServices", "src\Nuvem.PharmacyManagement.PharmacyServices\Nuvem.PharmacyManagement.PharmacyServices.csproj", "{80FEA905-541F-4676-B7A6-A46D03196B2C}"
EndProject
Global
	GlobalSection(SolutionConfigurationPlatforms) = preSolution
		Debug|Any CPU = Debug|Any CPU
		Release|Any CPU = Release|Any CPU
	EndGlobalSection
	GlobalSection(ProjectConfigurationPlatforms) = postSolution
		{706F83E0-50BB-48A2-8207-6164C5B3AD0B}.Debug|Any CPU.ActiveCfg = Debug|Any CPU
		{706F83E0-50BB-48A2-8207-6164C5B3AD0B}.Debug|Any CPU.Build.0 = Debug|Any CPU
		{706F83E0-50BB-48A2-8207-6164C5B3AD0B}.Release|Any CPU.ActiveCfg = Release|Any CPU
		{706F83E0-50BB-48A2-8207-6164C5B3AD0B}.Release|Any CPU.Build.0 = Release|Any CPU
		{80FEA905-541F-4676-B7A6-A46D03196B2C}.Debug|Any CPU.ActiveCfg = Debug|Any CPU
		{80FEA905-541F-4676-B7A6-A46D03196B2C}.Debug|Any CPU.Build.0 = Debug|Any CPU
		{80FEA905-541F-4676-B7A6-A46D03196B2C}.Release|Any CPU.ActiveCfg = Release|Any CPU
		{80FEA905-541F-4676-B7A6-A46D03196B2C}.Release|Any CPU.Build.0 = Release|Any CPU
	EndGlobalSection
	GlobalSection(SolutionProperties) = preSolution
		HideSolutionNode = FALSE
	EndGlobalSection
	GlobalSection(ExtensibilityGlobals) = postSolution
		SolutionGuid = {192D3555-AEA3-4B4F-9234-B0887922BE73}
	EndGlobalSection
EndGlobal
